
Microsoft Visual Studio Solution File, Format Version 12.00
# Visual Studio Version 16
VisualStudioVersion = 16.0.30104.148
MinimumVisualStudioVersion = 10.0.40219.1
Project("{FAE04EC0-301F-11D3-BF4B-00C04F79EFBC}") = "UDP_Server CLI", "UDP_Server CLI\UDP_Server CLI.csproj", "{0F0E2CAA-C1CC-400E-95BC-3A3B48858DF4}"
EndProject
Global
	GlobalSection(SolutionConfigurationPlatforms) = preSolution
		Debug|Any CPU = Debug|Any CPU
		Release|Any CPU = Release|Any CPU
	EndGlobalSection
	GlobalSection(ProjectConfigurationPlatforms) = postSolution
		{0F0E2CAA-C1CC-400E-95BC-3A3B48858DF4}.Debug|Any CPU.ActiveCfg = Debug|Any CPU
		{0F0E2CAA-C1CC-400E-95BC-3A3B48858DF4}.Debug|Any CPU.Build.0 = Debug|Any CPU
		{0F0E2CAA-C1CC-400E-95BC-3A3B48858DF4}.Release|Any CPU.ActiveCfg = Release|Any CPU
		{0F0E2CAA-C1CC-400E-95BC-3A3B48858DF4}.Release|Any CPU.Build.0 = Release|Any CPU
	EndGlobalSection
	GlobalSection(SolutionProperties) = preSolution
		HideSolutionNode = FALSE
	EndGlobalSection
	GlobalSection(ExtensibilityGlobals) = postSolution
		SolutionGuid = {CD1EFC0C-011F-4BBB-B4CA-F6FE3E25E72C}
	EndGlobalSection
EndGlobal
