
Microsoft Visual Studio Solution File, Format Version 12.00
# Visual Studio Version 16
VisualStudioVersion = 16.0.30104.148
MinimumVisualStudioVersion = 10.0.40219.1
Project("{FAE04EC0-301F-11D3-BF4B-00C04F79EFBC}") = "TCP_Server CLI", "TCP_Server CLI\TCP_Server CLI.csproj", "{C4157E0F-50DC-41AB-AB9A-86BAD23FFDBC}"
EndProject
Global
	GlobalSection(SolutionConfigurationPlatforms) = preSolution
		Debug|Any CPU = Debug|Any CPU
		Release|Any CPU = Release|Any CPU
	EndGlobalSection
	GlobalSection(ProjectConfigurationPlatforms) = postSolution
		{C4157E0F-50DC-41AB-AB9A-86BAD23FFDBC}.Debug|Any CPU.ActiveCfg = Debug|Any CPU
		{C4157E0F-50DC-41AB-AB9A-86BAD23FFDBC}.Debug|Any CPU.Build.0 = Debug|Any CPU
		{C4157E0F-50DC-41AB-AB9A-86BAD23FFDBC}.Release|Any CPU.ActiveCfg = Release|Any CPU
		{C4157E0F-50DC-41AB-AB9A-86BAD23FFDBC}.Release|Any CPU.Build.0 = Release|Any CPU
	EndGlobalSection
	GlobalSection(SolutionProperties) = preSolution
		HideSolutionNode = FALSE
	EndGlobalSection
	GlobalSection(ExtensibilityGlobals) = postSolution
		SolutionGuid = {377CEA20-CF9D-47E3-85B6-991448683022}
	EndGlobalSection
EndGlobal
